
Microsoft Visual Studio Solution File, Format Version 12.00
# Visual Studio Version 16
VisualStudioVersion = 16.0.32428.217
MinimumVisualStudioVersion = 10.0.40219.1
Project("{FAE04EC0-301F-11D3-BF4B-00C04F79EFBC}") = "Srez666", "Srez666\Srez666.csproj", "{A319775A-FAAA-4340-9BE8-DD027FF4EF64}"
EndProject
Global
	GlobalSection(SolutionConfigurationPlatforms) = preSolution
		Debug|Any CPU = Debug|Any CPU
		Release|Any CPU = Release|Any CPU
	EndGlobalSection
	GlobalSection(ProjectConfigurationPlatforms) = postSolution
		{A319775A-FAAA-4340-9BE8-DD027FF4EF64}.Debug|Any CPU.ActiveCfg = Debug|Any CPU
		{A319775A-FAAA-4340-9BE8-DD027FF4EF64}.Debug|Any CPU.Build.0 = Debug|Any CPU
		{A319775A-FAAA-4340-9BE8-DD027FF4EF64}.Release|Any CPU.ActiveCfg = Release|Any CPU
		{A319775A-FAAA-4340-9BE8-DD027FF4EF64}.Release|Any CPU.Build.0 = Release|Any CPU
	EndGlobalSection
	GlobalSection(SolutionProperties) = preSolution
		HideSolutionNode = FALSE
	EndGlobalSection
	GlobalSection(ExtensibilityGlobals) = postSolution
		SolutionGuid = {A06A717C-F77D-45EC-9EB3-A9A10BF7370F}
	EndGlobalSection
EndGlobal
